<?xml version="1.0" encoding="utf-8"?>
<Project ToolsVersion="14.0" xmlns="http://schemas.microsoft.com/developer/msbuild/2003">
  <ItemGroup>
    <Filter Include="Ресурсы">
      <UniqueIdentifier>08b46fe9-944f-403d-964e-1aab04c933a9</UniqueIdentifier>
      <Extensions>rc;ico;cur;bmp;dlg;rc2;rct;bin;rgs;gif;jpg;jpeg;jpe;resx;tga;tiff;tif;png;wav;mfcribbon-ms</Extensions>
    </Filter>
  </ItemGroup>
  <ItemGroup>
    <ClCompile Include="pch.cpp" />
    <ClCompile Include="BochsMachine.cpp" />
    <ClCompile Include="wpb_file_io.cpp" />
    <ClCompile Include="bochs/cpu/access.cc" />
    <ClCompile Include="bochs/cpu/arith16.cc" />
    <ClCompile Include="bochs/cpu/arith32.cc" />
    <ClCompile Include="bochs/cpu/arith8.cc" />
    <ClCompile Include="bochs/cpu/bcd.cc" />
    <ClCompile Include="bochs/cpu/bit.cc" />
    <ClCompile Include="bochs/cpu/cpu.cc" />
    <ClCompile Include="bochs/cpu/ctrl_xfer16.cc" />
    <ClCompile Include="bochs/cpu/ctrl_xfer32.cc" />
    <ClCompile Include="bochs/cpu/ctrl_xfer8.cc" />
    <ClCompile Include="bochs/cpu/ctrl_xfer_pro.cc" />
    <ClCompile Include="bochs/cpu/data_xfer16.cc" />
    <ClCompile Include="bochs/cpu/data_xfer32.cc" />
    <ClCompile Include="bochs/cpu/data_xfer8.cc" />
    <ClCompile Include="bochs/cpu/debugstuff.cc" />
    <ClCompile Include="bochs/cpu/exception.cc" />
    <ClCompile Include="bochs/cpu/fetchdecode.cc" />
    <ClCompile Include="bochs/cpu/flag_ctrl.cc" />
    <ClCompile Include="bochs/cpu/flag_ctrl_pro.cc" />
    <ClCompile Include="bochs/cpu/init.cc" />
    <ClCompile Include="bochs/cpu/io.cc" />
    <ClCompile Include="bochs/cpu/io_pro.cc" />
    <ClCompile Include="bochs/cpu/lazy_flags.cc" />
    <ClCompile Include="bochs/cpu/logical16.cc" />
    <ClCompile Include="bochs/cpu/logical32.cc" />
    <ClCompile Include="bochs/cpu/logical8.cc" />
    <ClCompile Include="bochs/cpu/mult16.cc" />
    <ClCompile Include="bochs/cpu/mult32.cc" />
    <ClCompile Include="bochs/cpu/mult8.cc" />
    <ClCompile Include="bochs/cpu/paging.cc" />
    <ClCompile Include="bochs/cpu/proc_ctrl.cc" />
    <ClCompile Include="bochs/cpu/protect_ctrl.cc" />
    <ClCompile Include="bochs/cpu/protect_ctrl_pro.cc" />
    <ClCompile Include="bochs/cpu/resolve16.cc" />
    <ClCompile Include="bochs/cpu/resolve32.cc" />
    <ClCompile Include="bochs/cpu/segment_ctrl.cc" />
    <ClCompile Include="bochs/cpu/segment_ctrl_pro.cc" />
    <ClCompile Include="bochs/cpu/shift16.cc" />
    <ClCompile Include="bochs/cpu/shift32.cc" />
    <ClCompile Include="bochs/cpu/shift8.cc" />
    <ClCompile Include="bochs/cpu/soft_int.cc" />
    <ClCompile Include="bochs/cpu/stack16.cc" />
    <ClCompile Include="bochs/cpu/stack32.cc" />
    <ClCompile Include="bochs/cpu/stack_pro.cc" />
    <ClCompile Include="bochs/cpu/string.cc" />
    <ClCompile Include="bochs/cpu/tasking.cc" />
    <ClCompile Include="bochs/cpu/vm8086.cc" />
    <ClCompile Include="bochs/cpu/cpuid.cc" />
    <ClCompile Include="bochs/cpu/softfloat.cc" />
    <ClCompile Include="bochs/cpu/mmx.cc" />
    <ClCompile Include="bochs/cpu/3dnow.cc" />
    <ClCompile Include="bochs/cpu/sse.cc" />
    <ClCompile Include="bochs/cpu/sse_move.cc" />
    <ClCompile Include="bochs/cpu/sse_pfp.cc" />
    <ClCompile Include="bochs/cpu/sse_rcp.cc" />
    <ClCompile Include="bochs/cpu/fpu.cc" />
    <ClCompile Include="bochs/fpu/wmFPUemu_glue.cc" />
    <ClCompile Include="bochs/fpu/div_Xsig.c" />
    <ClCompile Include="bochs/fpu/errors.c" />
    <ClCompile Include="bochs/fpu/fpu_arith.c" />
    <ClCompile Include="bochs/fpu/fpu_aux.c" />
    <ClCompile Include="bochs/fpu/fpu_entry.c" />
    <ClCompile Include="bochs/fpu/fpu_etc.c" />
    <ClCompile Include="bochs/fpu/fpu_compare.c" />
    <ClCompile Include="bochs/fpu/fpu_tags.c" />
    <ClCompile Include="bochs/fpu/fpu_trig.c" />
    <ClCompile Include="bochs/fpu/load_store.c" />
    <ClCompile Include="bochs/fpu/mul_Xsig.c" />
    <ClCompile Include="bochs/fpu/poly_2xm1.c" />
    <ClCompile Include="bochs/fpu/poly_atan.c" />
    <ClCompile Include="bochs/fpu/poly_l2.c" />
    <ClCompile Include="bochs/fpu/poly_sin.c" />
    <ClCompile Include="bochs/fpu/poly_tan.c" />
    <ClCompile Include="bochs/fpu/polynom_Xsig.c" />
    <ClCompile Include="bochs/fpu/reg_add_sub.c" />
    <ClCompile Include="bochs/fpu/reg_compare.c" />
    <ClCompile Include="bochs/fpu/reg_constant.c" />
    <ClCompile Include="bochs/fpu/reg_convert.c" />
    <ClCompile Include="bochs/fpu/reg_divide.c" />
    <ClCompile Include="bochs/fpu/reg_ld_str.c" />
    <ClCompile Include="bochs/fpu/reg_mul.c" />
    <ClCompile Include="bochs/fpu/reg_norm.c" />
    <ClCompile Include="bochs/fpu/reg_round.c" />
    <ClCompile Include="bochs/fpu/reg_u_add.c" />
    <ClCompile Include="bochs/fpu/reg_u_div.c" />
    <ClCompile Include="bochs/fpu/reg_u_mul.c" />
    <ClCompile Include="bochs/fpu/reg_u_sub.c" />
    <ClCompile Include="bochs/fpu/round_Xsig.c" />
    <ClCompile Include="bochs/fpu/shr_Xsig.c" />
    <ClCompile Include="bochs/fpu/wm_shrx.c" />
    <ClCompile Include="bochs/fpu/wm_sqrt.c" />
    <ClCompile Include="bochs/gui/control.cc" />
    <ClCompile Include="bochs/gui/gui.cc" />
    <ClCompile Include="bochs/gui/keymap.cc" />
    <ClCompile Include="bochs/gui/siminterface.cc" />
    <ClCompile Include="bochs/gui/wpbochs_gui.cc" />
    <ClCompile Include="bochs/iodev/cdrom.cc" />
    <ClCompile Include="bochs/iodev/cmos.cc" />
    <ClCompile Include="bochs/iodev/devices.cc" />
    <ClCompile Include="bochs/iodev/dma.cc" />
    <ClCompile Include="bochs/iodev/floppy.cc" />
    <ClCompile Include="bochs/iodev/harddrv.cc" />
    <ClCompile Include="bochs/iodev/keyboard.cc" />
    <ClCompile Include="bochs/iodev/acpi.cc" />
    <ClCompile Include="bochs/iodev/pci.cc" />
    <ClCompile Include="bochs/iodev/pci2isa.cc" />
    <ClCompile Include="bochs/iodev/biosdev.cc" />
    <ClCompile Include="bochs/iodev/extfpuirq.cc" />
    <ClCompile Include="bochs/iodev/virt_timer.cc" />
    <ClCompile Include="bochs/iodev/vmware3.cc" />
    <ClCompile Include="bochs/iodev/serial.cc" />
    <ClCompile Include="bochs/iodev/parallel.cc" />
    <ClCompile Include="bochs/iodev/pic.cc" />
    <ClCompile Include="bochs/iodev/pit.cc" />
    <ClCompile Include="bochs/iodev/pit82c54.cc" />
    <ClCompile Include="bochs/iodev/pit_wrap.cc" />
    <ClCompile Include="bochs/iodev/sb16.cc" />
    <ClCompile Include="bochs/iodev/soundwp.cc" />
    <ClCompile Include="bochs/iodev/scancodes.cc" />
    <ClCompile Include="bochs/iodev/slowdown_timer.cc" />
    <ClCompile Include="bochs/iodev/unmapped.cc" />
    <ClCompile Include="bochs/iodev/vga.cc" />
    <ClCompile Include="bochs/logio.cc" />
    <ClCompile Include="bochs/main.cc" />
    <ClCompile Include="bochs/plugin.cc" />
    <ClCompile Include="bochs/memory/memory.cc" />
    <ClCompile Include="bochs/memory/misc_mem.cc" />
    <ClCompile Include="bochs/osdep.cc" />
    <ClCompile Include="bochs/pc_system.cc" />
    <ClCompile Include="bochs/state_file.cc" />
  </ItemGroup>
  <ItemGroup>
    <ClInclude Include="pch.h" />
    <ClInclude Include="BochsMachine.h" />
    <ClInclude Include="wpb_file_io_internal.h" />
    <ClInclude Include="bochs\wpb_file_io.h" />
  </ItemGroup>
</Project>